
Microsoft Visual Studio Solution File, Format Version 12.00
# Visual Studio 14
VisualStudioVersion = 14.0.25123.0
MinimumVisualStudioVersion = 10.0.40219.1
Project("{D6C8B87E-B59D-4CB2-AB7B-48A0505BF647}") = "Sitecore.Support.149252.166359", "Sitecore.Support.149252.166359\Sitecore.Support.149252.166359.csproj", "{A34BBA3D-20ED-40BE-8035-59091D35B097}"
EndProject
Global
	GlobalSection(SolutionConfigurationPlatforms) = preSolution
		Debug|Any CPU = Debug|Any CPU
		Release|Any CPU = Release|Any CPU
	EndGlobalSection
	GlobalSection(ProjectConfigurationPlatforms) = postSolution
		{A34BBA3D-20ED-40BE-8035-59091D35B097}.Debug|Any CPU.ActiveCfg = Debug|Any CPU
		{A34BBA3D-20ED-40BE-8035-59091D35B097}.Debug|Any CPU.Build.0 = Debug|Any CPU
		{A34BBA3D-20ED-40BE-8035-59091D35B097}.Release|Any CPU.ActiveCfg = Release|Any CPU
		{A34BBA3D-20ED-40BE-8035-59091D35B097}.Release|Any CPU.Build.0 = Release|Any CPU
	EndGlobalSection
	GlobalSection(SolutionProperties) = preSolution
		HideSolutionNode = FALSE
	EndGlobalSection
EndGlobal
